<?xml version="1.0" encoding="utf-8"?>
<Project ToolsVersion="4.0" xmlns="http://schemas.microsoft.com/developer/msbuild/2003">
  <ItemGroup>
    <Filter Include="Source Files">
      <UniqueIdentifier>{4FC737F1-C7A5-4376-A066-2A32D752A2FF}</UniqueIdentifier>
      <Extensions>cpp;c;cc;cxx;def;odl;idl;hpj;bat;asm;asmx</Extensions>
    </Filter>
    <Filter Include="Header Files">
      <UniqueIdentifier>{93995380-89BD-4b04-88EB-625FBE52EBFB}</UniqueIdentifier>
      <Extensions>h;hh;hpp;hxx;hm;inl;inc;ipp;xsd</Extensions>
    </Filter>
    <Filter Include="Resource Files">
      <UniqueIdentifier>{67DA6AB6-F800-4c08-8B7A-83BB121AAD01}</UniqueIdentifier>
      <Extensions>rc;ico;cur;bmp;dlg;rc2;rct;bin;rgs;gif;jpg;jpeg;jpe;resx;tiff;tif;png;wav;mfcribbon-ms</Extensions>
    </Filter>
  </ItemGroup>
  <ItemGroup>
    <ClInclude Include="pch.h">
      <Filter>Header Files</Filter>
    </ClInclude>
    <ClInclude Include="ImagePoint.h">
      <Filter>Header Files</Filter>
    </ClInclude>
    <ClInclude Include="ImagePointContainer.h">
      <Filter>Header Files</Filter>
    </ClInclude>
    <ClInclude Include="TerrainPoint.h">
      <Filter>Header Files</Filter>
    </ClInclude>
    <ClInclude Include="TerrainPointContainer.h">
      <Filter>Header Files</Filter>
    </ClInclude>
    <ClInclude Include="EO.h">
      <Filter>Header Files</Filter>
    </ClInclude>
    <ClInclude Include="Camera.h">
      <Filter>Header Files</Filter>
    </ClInclude>
    <ClInclude Include="photogrammetry.h">
      <Filter>Header Files</Filter>
    </ClInclude>
    <ClInclude Include="ImageData.h">
      <Filter>Header Files</Filter>
    </ClInclude>
    <ClInclude Include="ImageDataContainer.h">
      <Filter>Header Files</Filter>
    </ClInclude>
    <ClInclude Include="BundleAdjustmentData.h">
      <Filter>Header Files</Filter>
    </ClInclude>
    <ClInclude Include="BundleAdjustment.h">
      <Filter>Header Files</Filter>
    </ClInclude>
    <ClInclude Include="ResidualObjectPoint.h">
      <Filter>Header Files</Filter>
    </ClInclude>
    <ClInclude Include="ResidualProjectionObjPtFixed.h">
      <Filter>Header Files</Filter>
    </ClInclude>
    <ClInclude Include="ResidualProjectionObjPt.h">
      <Filter>Header Files</Filter>
    </ClInclude>
    <ClInclude Include="BundleAdjustmentSettings.h">
      <Filter>Header Files</Filter>
    </ClInclude>
    <ClInclude Include="BundleAdjustmentReport.h">
      <Filter>Header Files</Filter>
    </ClInclude>
    <ClInclude Include="AngularSurvey3D.h">
      <Filter>Header Files</Filter>
    </ClInclude>
    <ClInclude Include="AngularSurvey3DContainer.h">
      <Filter>Header Files</Filter>
    </ClInclude>
    <ClInclude Include="ResidualAngleHzLeft.h">
      <Filter>Header Files</Filter>
    </ClInclude>
    <ClInclude Include="ResidualAngleHzRight.h">
      <Filter>Header Files</Filter>
    </ClInclude>
    <ClInclude Include="ResidualAngleV.h">
      <Filter>Header Files</Filter>
    </ClInclude>
    <ClInclude Include="ReverseDistortionEstimator.h">
      <Filter>Header Files</Filter>
    </ClInclude>
    <ClInclude Include="CalibrationCertificate.h">
      <Filter>Header Files</Filter>
    </ClInclude>
    <ClInclude Include="ResidualProjectionObjPtThermal.h">
      <Filter>Header Files</Filter>
    </ClInclude>
    <ClInclude Include="RayIntersectionCheck.h">
      <Filter>Header Files</Filter>
    </ClInclude>
    <ClInclude Include="ResidualOrientationEuler.h">
      <Filter>Header Files</Filter>
    </ClInclude>
    <ClInclude Include="ResidualProjectionCenter.h">
      <Filter>Header Files</Filter>
    </ClInclude>
  </ItemGroup>
  <ItemGroup>
    <ClCompile Include="pch.cpp">
      <Filter>Source Files</Filter>
    </ClCompile>
    <ClCompile Include="ImagePoint.cpp">
      <Filter>Source Files</Filter>
    </ClCompile>
    <ClCompile Include="ImagePointContainer.cpp">
      <Filter>Source Files</Filter>
    </ClCompile>
    <ClCompile Include="TerrainPoint.cpp">
      <Filter>Source Files</Filter>
    </ClCompile>
    <ClCompile Include="TerrainPointContainer.cpp">
      <Filter>Source Files</Filter>
    </ClCompile>
    <ClCompile Include="EO.cpp">
      <Filter>Source Files</Filter>
    </ClCompile>
    <ClCompile Include="Camera.cpp">
      <Filter>Source Files</Filter>
    </ClCompile>
    <ClCompile Include="photogrammetry.cpp">
      <Filter>Source Files</Filter>
    </ClCompile>
    <ClCompile Include="ImageData.cpp">
      <Filter>Source Files</Filter>
    </ClCompile>
    <ClCompile Include="ImageDataContainer.cpp">
      <Filter>Source Files</Filter>
    </ClCompile>
    <ClCompile Include="BundleAdjustment.cpp">
      <Filter>Source Files</Filter>
    </ClCompile>
    <ClCompile Include="BundleAdjustmentSettings.cpp">
      <Filter>Source Files</Filter>
    </ClCompile>
    <ClCompile Include="BundleAdjustmentReport.cpp">
      <Filter>Source Files</Filter>
    </ClCompile>
    <ClCompile Include="AngularSurvey3D.cpp">
      <Filter>Source Files</Filter>
    </ClCompile>
    <ClCompile Include="AngularSurvey3DContainer.cpp">
      <Filter>Source Files</Filter>
    </ClCompile>
    <ClCompile Include="ReverseDistortionEstimator.cpp">
      <Filter>Source Files</Filter>
    </ClCompile>
    <ClCompile Include="CalibrationCertificate.cpp">
      <Filter>Source Files</Filter>
    </ClCompile>
    <ClCompile Include="xtrel.cpp">
      <Filter>Source Files</Filter>
    </ClCompile>
    <ClCompile Include="RayIntersectionCheck.cpp">
      <Filter>Source Files</Filter>
    </ClCompile>
  </ItemGroup>
</Project>